version: 1
generator: capa@2.2.4
generatedAt: '2026-10-08T01:57:02.096Z'
skills:
  - id: android-cli
    source: github
    repo: android/skills
    skillName: android-cli
    requestedVersion: null
    requestedRef: null
    resolvedRef: 42dc2270e96032bd860bb94511e440aa00a43125
    resolvedVersion: v1.0.13
  - id: bootstrap
    source: github
    repo: infragate/capa
    skillName: bootstrap
    requestedVersion: null
    requestedRef: null
    resolvedRef: 7f868cd23ea59db5f5b50122a4ed57a101905f50
    resolvedVersion: v2.2.4
  - id: capabilities-manager
    source: github
    repo: infragate/capa
    skillName: capabilities-manager
    requestedVersion: null
    requestedRef: null
    resolvedRef: 7f868cd23ea59db5f5b50122a4ed57a101905f50
    resolvedVersion: v2.2.4
  - id: gh
    source: github
    repo: cli/cli
    skillName: gh
    requestedVersion: null
    requestedRef: null
    resolvedRef: fc4b137cdef0a6bd28fd461b7cf9c84a5812a8cd
    resolvedVersion: v2.102.0
  - id: git-commit
    source: github
    repo: github/awesome-copilot
    skillName: git-commit
    requestedVersion: null
    requestedRef: null
    resolvedRef: 3a685010a7afdc0dbd4c83b7fbda6c316aa516e5
    resolvedVersion: null
plugins:
  - id: expo
    source: github
    repo: expo/skills
    subpath: plugins/expo
    requestedSearchName: null
    requestedVersion: null
    requestedRef: null
    resolvedRef: d4f484024fec15196bfd3c272e953e3f983972cf
    resolvedVersion: null
    manifestName: expo
    manifestVersion: 1.13.9
  - id: mattpocock-skills
    source: github
    repo: mattpocock/skills
    subpath: null
    requestedSearchName: null
    requestedVersion: null
    requestedRef: null
    resolvedRef: 24fe0ef7737efae15c87225755e9f6f5965e4888
    resolvedVersion: v1.3.1
    manifestName: mattpocock-skills
    manifestVersion: 1.3.1
  - id: megalinter
    source: github
    repo: oxsecurity/megalinter
    subpath: null
    requestedSearchName: null
    requestedVersion: null
    requestedRef: null
    resolvedRef: 9949bad031045f366be2467e00e8371a7328a2e2
    resolvedVersion: v10.1.0
    manifestName: megalinter
    manifestVersion: 1.0.5
  - id: paad
    source: github
    repo: Ovid/paad
    subpath: plugins/paad
    requestedSearchName: null
    requestedVersion: null
    requestedRef: null
    resolvedRef: 9b0b57f5e903ce4fbf05830333540a53cdd37524
    resolvedVersion: null
    manifestName: paad
    manifestVersion: 1.31.0
  - id: superpowers
    source: github
    repo: obra/superpowers
    subpath: null
    requestedSearchName: null
    requestedVersion: null
    requestedRef: null
    resolvedRef: 8ca22dba9a94f28898bbce59f2537ff4d87c747d
    resolvedVersion: v6.4.2
    manifestName: superpowers
    manifestVersion: 6.4.2
  - id: taste-skill
    source: github
    repo: Leonxlnx/taste-skill
    subpath: null
    requestedSearchName: null
    requestedVersion: null
    requestedRef: null
    resolvedRef: b482f7a970abb98c4108d4a9f761e458c64cefc8
    resolvedVersion: null
    manifestName: taste-skill
    manifestVersion: 1.0.0
hooks: []
