{
  "lockfileVersion": 3,
  "name": "pocket-draw",
  "packages": {
    "": {
      "devDependencies": {
        "prettier": "^3.9.6",
        "prettier-plugin-toml": "^2.0.6"
      },
      "name": "pocket-draw",
      "version": "0.0.0"
    },
    "node_modules/@taplo/core": {
      "dev": true,
      "license": "MIT",
      "version": "0.2.0"
    },
    "node_modules/@taplo/lib": {
      "dependencies": {
        "@taplo/core": "^0.2.0"
      },
      "dev": true,
      "license": "MIT",
      "version": "0.5.0"
    },
    "node_modules/prettier": {
      "bin": {
        "prettier": "bin/prettier.cjs"
      },
      "dev": true,
      "engines": {
        "node": ">=14"
      },
      "funding": {
        "url": "https://github.com/prettier/prettier?sponsor=1"
      },
      "license": "MIT",
      "version": "3.9.6"
    },
    "node_modules/prettier-plugin-toml": {
      "dependencies": {
        "@taplo/lib": "^0.5.0"
      },
      "dev": true,
      "engines": {
        "node": ">=16.0.0"
      },
      "funding": {
        "url": "https://opencollective.com/unts"
      },
      "license": "MIT",
      "peerDependencies": {
        "prettier": "^3.0.3"
      },
      "version": "2.0.6"
    }
  },
  "requires": true,
  "version": "0.0.0"
}
