version = 1
revision = 3
requires-python = ">=3.10"

[options]
exclude-newer = "2026-09-27T05:37:55.584300453Z"

[[package]]
name = "mise-pypi-tool-environment"
version = "0.0.0"
source = { virtual = "." }
dependencies = [
    { name = "toml-sort" },
]

[package.metadata]
requires-dist = [{ name = "toml-sort", specifier = "==0.25.0" }]

[[package]]
name = "toml-sort"
version = "0.25.0"
source = { registry = "https://pypi.org/simple/" }
dependencies = [
    { name = "tomlrt" },
]
sdist = { url = "https://files.pythonhosted.org/packages/1f/f4/7221164c2984af53c18dd9f1d267ca7da660b40bc6b9a436b67ae17fc3ff/toml_sort-0.25.0.tar.gz", hash = "sha256:08ffe893feba7dc1773c61046b76f63561a6204e0162cd067c4a0d681d9198c7", size = 13197, upload-time = "2026-09-12T21:58:05.097Z" }
wheels = [
    { url = "https://files.pythonhosted.org/packages/dd/b8/dc28651955aa2fdb24ef6f7ac7bcc6784f60d31630a0af1bd6d3626e4db8/toml_sort-0.25.0-py3-none-any.whl", hash = "sha256:96de33d49795a730297a1a5cba75ad9f251a7b07e75002f8a2fcc127fa7d43bd", size = 12561, upload-time = "2026-09-12T21:58:05.916Z" },
]

[[package]]
name = "tomlrt"
version = "2.2.14"
source = { registry = "https://pypi.org/simple/" }
dependencies = [
    { name = "typing-extensions", marker = "python_full_version < '3.12'" },
]
sdist = { url = "https://files.pythonhosted.org/packages/af/e5/0e9af14bd292ffdb6eb7b4ba790cb4a27975579a67457792140778713786/tomlrt-2.2.14.tar.gz", hash = "sha256:5544d9bf229eba6dc8737c18de28b06b222c6f0992f0e5cd042c8b2e9e397ec2", size = 471832, upload-time = "2026-09-25T20:14:57.797Z" }
wheels = [
    { url = "https://files.pythonhosted.org/packages/cc/20/e035b90fbdf445aedbd6b7353b57de96c8f813ebf0756d1b80dc1b2a085f/tomlrt-2.2.14-py3-none-any.whl", hash = "sha256:6e4c521cf47ea0e0329b96e6f8de8c02f23bbc67d8490ea344b087f8e912cc17", size = 152409, upload-time = "2026-09-25T20:14:56.313Z" },
]

[[package]]
name = "typing-extensions"
version = "4.16.0"
source = { registry = "https://pypi.org/simple/" }
sdist = { url = "https://files.pythonhosted.org/packages/f6/cc/6253133b5bb138fc3306cebfbda2c520f545d36b5be2c7255cc528bb45d6/typing_extensions-4.16.0.tar.gz", hash = "sha256:dc983d19a509c94dba722ee6abd33940f7c05a89e243c47e907eb4db6f1a43e5", size = 113555, upload-time = "2026-07-02T08:40:05.92Z" }
wheels = [
    { url = "https://files.pythonhosted.org/packages/49/d3/b8441a820a491ddfc024b0b0cf0393375b75ea13866d9c66727e54c2fc80/typing_extensions-4.16.0-py3-none-any.whl", hash = "sha256:481caa481374e813c1b176ada14e97f1f67a4539ce9cfeb3f350d78d6370c2e8", size = 45571, upload-time = "2026-07-02T08:40:04.659Z" },
]
